// !$*UTF8*$!
{
	archiveVersion = 1;
	classes = {
	};
	objectVersion = 50;
	objects = {

/* Begin PBXBuildFile section */
		26BF8812F8DD7D7C07D44B10 /* Pods_TumblrUITests.framework in Frameworks */ = {isa = PBXBuildFile; fileRef = 42E800D30996DCC1643E4A67 /* Pods_TumblrUITests.framework */; };
		9D3974609629CA1F56B41F27 /* Pods_TumblrTests.framework in Frameworks */ = {isa = PBXBuildFile; fileRef = EC82C309AEC08BA4BFA018B0 /* Pods_TumblrTests.framework */; };
		B422F659B647E59815DB5BC9 /* Pods_Tumblr.framework in Frameworks */ = {isa = PBXBuildFile; fileRef = AF8016A48B46CA09492BECED /* Pods_Tumblr.framework */; };
		DE5534902331E566006F1925 /* AppDelegate.swift in Sources */ = {isa = PBXBuildFile; fileRef = DE55348F2331E566006F1925 /* AppDelegate.swift */; };
		DE5534922331E566006F1925 /* ViewController.swift in Sources */ = {isa = PBXBuildFile; fileRef = DE5534912331E566006F1925 /* ViewController.swift */; };
		DE5534952331E566006F1925 /* Main.storyboard in Resources */ = {isa = PBXBuildFile; fileRef = DE5534932331E566006F1925 /* Main.storyboard */; };
		DE5534972331E56A006F1925 /* Assets.xcassets in Resources */ = {isa = PBXBuildFile; fileRef = DE5534962331E56A006F1925 /* Assets.xcassets */; };
		DE55349A2331E56A006F1925 /* LaunchScreen.storyboard in Resources */ = {isa = PBXBuildFile; fileRef = DE5534982331E56A006F1925 /* LaunchScreen.storyboard */; };
		DE5534A52331E56A006F1925 /* TumblrTests.swift in Sources */ = {isa = PBXBuildFile; fileRef = DE5534A42331E56A006F1925 /* TumblrTests.swift */; };
		DE5534B02331E56A006F1925 /* TumblrUITests.swift in Sources */ = {isa = PBXBuildFile; fileRef = DE5534AF2331E56A006F1925 /* TumblrUITests.swift */; };
		DE5534BE2331F161006F1925 /* TableViewCell.swift in Sources */ = {isa = PBXBuildFile; fileRef = DE5534BD2331F161006F1925 /* TableViewCell.swift */; };
/* End PBXBuildFile section */

/* Begin PBXContainerItemProxy section */
		DE5534A12331E56A006F1925 /* PBXContainerItemProxy */ = {
			isa = PBXContainerItemProxy;
			containerPortal = DE5534842331E566006F1925 /* Project object */;
			proxyType = 1;
			remoteGlobalIDString = DE55348B2331E566006F1925;
			remoteInfo = Tumblr;
		};
		DE5534AC2331E56A006F1925 /* PBXContainerItemProxy */ = {
			isa = PBXContainerItemProxy;
			containerPortal = DE5534842331E566006F1925 /* Project object */;
			proxyType = 1;
			remoteGlobalIDString = DE55348B2331E566006F1925;
			remoteInfo = Tumblr;
		};
/* End PBXContainerItemProxy section */

/* Begin PBXFileReference section */
		02D4FC2567FE06A0D9AD6537 /* Pods-TumblrTests.release.xcconfig */ = {isa = PBXFileReference; includeInIndex = 1; lastKnownFileType = text.xcconfig; name = "Pods-TumblrTests.release.xcconfig"; path = "Target Support Files/Pods-TumblrTests/Pods-TumblrTests.release.xcconfig"; sourceTree = "<group>"; };
		2D7506BAD2482537109B4B75 /* Pods-TumblrUITests.release.xcconfig */ = {isa = PBXFileReference; includeInIndex = 1; lastKnownFileType = text.xcconfig; name = "Pods-TumblrUITests.release.xcconfig"; path = "Target Support Files/Pods-TumblrUITests/Pods-TumblrUITests.release.xcconfig"; sourceTree = "<group>"; };
		389B2F11FCED1042A8EB0636 /* Pods-Tumblr.debug.xcconfig */ = {isa = PBXFileReference; includeInIndex = 1; lastKnownFileType = text.xcconfig; name = "Pods-Tumblr.debug.xcconfig"; path = "Target Support Files/Pods-Tumblr/Pods-Tumblr.debug.xcconfig"; sourceTree = "<group>"; };
		42E800D30996DCC1643E4A67 /* Pods_TumblrUITests.framework */ = {isa = PBXFileReference; explicitFileType = wrapper.framework; includeInIndex = 0; path = Pods_TumblrUITests.framework; sourceTree = BUILT_PRODUCTS_DIR; };
		AF8016A48B46CA09492BECED /* Pods_Tumblr.framework */ = {isa = PBXFileReference; explicitFileType = wrapper.framework; includeInIndex = 0; path = Pods_Tumblr.framework; sourceTree = BUILT_PRODUCTS_DIR; };
		B83A9EFB4C965D33EE32ECFE /* Pods-Tumblr.release.xcconfig */ = {isa = PBXFileReference; includeInIndex = 1; lastKnownFileType = text.xcconfig; name = "Pods-Tumblr.release.xcconfig"; path = "Target Support Files/Pods-Tumblr/Pods-Tumblr.release.xcconfig"; sourceTree = "<group>"; };
		CF4C194A47A7EABF0B101AD1 /* Pods-TumblrUITests.debug.xcconfig */ = {isa = PBXFileReference; includeInIndex = 1; lastKnownFileType = text.xcconfig; name = "Pods-TumblrUITests.debug.xcconfig"; path = "Target Support Files/Pods-TumblrUITests/Pods-TumblrUITests.debug.xcconfig"; sourceTree = "<group>"; };
		DE55348C2331E566006F1925 /* Tumblr.app */ = {isa = PBXFileReference; explicitFileType = wrapper.application; includeInIndex = 0; path = Tumblr.app; sourceTree = BUILT_PRODUCTS_DIR; };
		DE55348F2331E566006F1925 /* AppDelegate.swift */ = {isa = PBXFileReference; lastKnownFileType = sourcecode.swift; path = AppDelegate.swift; sourceTree = "<group>"; };
		DE5534912331E566006F1925 /* ViewController.swift */ = {isa = PBXFileReference; lastKnownFileType = sourcecode.swift; path = ViewController.swift; sourceTree = "<group>"; };
		DE5534942331E566006F1925 /* Base */ = {isa = PBXFileReference; lastKnownFileType = file.storyboard; name = Base; path = Base.lproj/Main.storyboard; sourceTree = "<group>"; };
		DE5534962331E56A006F1925 /* Assets.xcassets */ = {isa = PBXFileReference; lastKnownFileType = folder.assetcatalog; path = Assets.xcassets; sourceTree = "<group>"; };
		DE5534992331E56A006F1925 /* Base */ = {isa = PBXFileReference; lastKnownFileType = file.storyboard; name = Base; path = Base.lproj/LaunchScreen.storyboard; sourceTree = "<group>"; };
		DE55349B2331E56A006F1925 /* Info.plist */ = {isa = PBXFileReference; lastKnownFileType = text.plist.xml; path = Info.plist; sourceTree = "<group>"; };
		DE5534A02331E56A006F1925 /* TumblrTests.xctest */ = {isa = PBXFileReference; explicitFileType = wrapper.cfbundle; includeInIndex = 0; path = TumblrTests.xctest; sourceTree = BUILT_PRODUCTS_DIR; };
		DE5534A42331E56A006F1925 /* TumblrTests.swift */ = {isa = PBXFileReference; lastKnownFileType = sourcecode.swift; path = TumblrTests.swift; sourceTree = "<group>"; };
		DE5534A62331E56A006F1925 /* Info.plist */ = {isa = PBXFileReference; lastKnownFileType = text.plist.xml; path = Info.plist; sourceTree = "<group>"; };
		DE5534AB2331E56A006F1925 /* TumblrUITests.xctest */ = {isa = PBXFileReference; explicitFileType = wrapper.cfbundle; includeInIndex = 0; path = TumblrUITests.xctest; sourceTree = BUILT_PRODUCTS_DIR; };
		DE5534AF2331E56A006F1925 /* TumblrUITests.swift */ = {isa = PBXFileReference; lastKnownFileType = sourcecode.swift; path = TumblrUITests.swift; sourceTree = "<group>"; };
		DE5534B12331E56A006F1925 /* Info.plist */ = {isa = PBXFileReference; lastKnownFileType = text.plist.xml; path = Info.plist; sourceTree = "<group>"; };
		DE5534BD2331F161006F1925 /* TableViewCell.swift */ = {isa = PBXFileReference; lastKnownFileType = sourcecode.swift; path = TableViewCell.swift; sourceTree = "<group>"; };
		EC82C309AEC08BA4BFA018B0 /* Pods_TumblrTests.framework */ = {isa = PBXFileReference; explicitFileType = wrapper.framework; includeInIndex = 0; path = Pods_TumblrTests.framework; sourceTree = BUILT_PRODUCTS_DIR; };
		FD7D171FFF9F6A9318504C76 /* Pods-TumblrTests.debug.xcconfig */ = {isa = PBXFileReference; includeInIndex = 1; lastKnownFileType = text.xcconfig; name = "Pods-TumblrTests.debug.xcconfig"; path = "Target Support Files/Pods-TumblrTests/Pods-TumblrTests.debug.xcconfig"; sourceTree = "<group>"; };
/* End PBXFileReference section */

/* Begin PBXFrameworksBuildPhase section */
		DE5534892331E566006F1925 /* Frameworks */ = {
			isa = PBXFrameworksBuildPhase;
			buildActionMask = 2147483647;
			files = (
				B422F659B647E59815DB5BC9 /* Pods_Tumblr.framework in Frameworks */,
			);
			runOnlyForDeploymentPostprocessing = 0;
		};
		DE55349D2331E56A006F1925 /* Frameworks */ = {
			isa = PBXFrameworksBuildPhase;
			buildActionMask = 2147483647;
			files = (
				9D3974609629CA1F56B41F27 /* Pods_TumblrTests.framework in Frameworks */,
			);
			runOnlyForDeploymentPostprocessing = 0;
		};
		DE5534A82331E56A006F1925 /* Frameworks */ = {
			isa = PBXFrameworksBuildPhase;
			buildActionMask = 2147483647;
			files = (
				26BF8812F8DD7D7C07D44B10 /* Pods_TumblrUITests.framework in Frameworks */,
			);
			runOnlyForDeploymentPostprocessing = 0;
		};
/* End PBXFrameworksBuildPhase section */

/* Begin PBXGroup section */
		011B9EDD65A44BEB349D3903 /* Pods */ = {
			isa = PBXGroup;
			children = (
				389B2F11FCED1042A8EB0636 /* Pods-Tumblr.debug.xcconfig */,
				B83A9EFB4C965D33EE32ECFE /* Pods-Tumblr.release.xcconfig */,
				FD7D171FFF9F6A9318504C76 /* Pods-TumblrTests.debug.xcconfig */,
				02D4FC2567FE06A0D9AD6537 /* Pods-TumblrTests.release.xcconfig */,
				CF4C194A47A7EABF0B101AD1 /* Pods-TumblrUITests.debug.xcconfig */,
				2D7506BAD2482537109B4B75 /* Pods-TumblrUITests.release.xcconfig */,
			);
			name = Pods;
			path = Pods;
			sourceTree = "<group>";
		};
		4950B121D2FE0382E1F39229 /* Frameworks */ = {
			isa = PBXGroup;
			children = (
				AF8016A48B46CA09492BECED /* Pods_Tumblr.framework */,
				EC82C309AEC08BA4BFA018B0 /* Pods_TumblrTests.framework */,
				42E800D30996DCC1643E4A67 /* Pods_TumblrUITests.framework */,
			);
			name = Frameworks;
			sourceTree = "<group>";
		};
		DE5534832331E566006F1925 = {
			isa = PBXGroup;
			children = (
				DE55348E2331E566006F1925 /* Tumblr */,
				DE5534A32331E56A006F1925 /* TumblrTests */,
				DE5534AE2331E56A006F1925 /* TumblrUITests */,
				DE55348D2331E566006F1925 /* Products */,
				011B9EDD65A44BEB349D3903 /* Pods */,
				4950B121D2FE0382E1F39229 /* Frameworks */,
			);
			sourceTree = "<group>";
		};
		DE55348D2331E566006F1925 /* Products */ = {
			isa = PBXGroup;
			children = (
				DE55348C2331E566006F1925 /* Tumblr.app */,
				DE5534A02331E56A006F1925 /* TumblrTests.xctest */,
				DE5534AB2331E56A006F1925 /* TumblrUITests.xctest */,
			);
			name = Products;
			sourceTree = "<group>";
		};
		DE55348E2331E566006F1925 /* Tumblr */ = {
			isa = PBXGroup;
			children = (
				DE55348F2331E566006F1925 /* AppDelegate.swift */,
				DE5534912331E566006F1925 /* ViewController.swift */,
				DE5534932331E566006F1925 /* Main.storyboard */,
				DE5534BD2331F161006F1925 /* TableViewCell.swift */,
				DE5534962331E56A006F1925 /* Assets.xcassets */,
				DE5534982331E56A006F1925 /* LaunchScreen.storyboard */,
				DE55349B2331E56A006F1925 /* Info.plist */,
			);
			path = Tumblr;
			sourceTree = "<group>";
		};
		DE5534A32331E56A006F1925 /* TumblrTests */ = {
			isa = PBXGroup;
			children = (
				DE5534A42331E56A006F1925 /* TumblrTests.swift */,
				DE5534A62331E56A006F1925 /* Info.plist */,
			);
			path = TumblrTests;
			sourceTree = "<group>";
		};
		DE5534AE2331E56A006F1925 /* TumblrUITests */ = {
			isa = PBXGroup;
			children = (
				DE5534AF2331E56A006F1925 /* TumblrUITests.swift */,
				DE5534B12331E56A006F1925 /* Info.plist */,
			);
			path = TumblrUITests;
			sourceTree = "<group>";
		};
/* End PBXGroup section */

/* Begin PBXNativeTarget section */
		DE55348B2331E566006F1925 /* Tumblr */ = {
			isa = PBXNativeTarget;
			buildConfigurationList = DE5534B42331E56A006F1925 /* Build configuration list for PBXNativeTarget "Tumblr" */;
			buildPhases = (
				289F1FA2B575F92266349BEB /* [CP] Check Pods Manifest.lock */,
				DE5534882331E566006F1925 /* Sources */,
				DE5534892331E566006F1925 /* Frameworks */,
				DE55348A2331E566006F1925 /* Resources */,
				E514D1034244A015E75432F4 /* [CP] Embed Pods Frameworks */,
			);
			buildRules = (
			);
			dependencies = (
			);
			name = Tumblr;
			productName = Tumblr;
			productReference = DE55348C2331E566006F1925 /* Tumblr.app */;
			productType = "com.apple.product-type.application";
		};
		DE55349F2331E56A006F1925 /* TumblrTests */ = {
			isa = PBXNativeTarget;
			buildConfigurationList = DE5534B72331E56A006F1925 /* Build configuration list for PBXNativeTarget "TumblrTests" */;
			buildPhases = (
				5D5F721CFDF55CC9A4A6DF9E /* [CP] Check Pods Manifest.lock */,
				DE55349C2331E56A006F1925 /* Sources */,
				DE55349D2331E56A006F1925 /* Frameworks */,
				DE55349E2331E56A006F1925 /* Resources */,
			);
			buildRules = (
			);
			dependencies = (
				DE5534A22331E56A006F1925 /* PBXTargetDependency */,
			);
			name = TumblrTests;
			productName = TumblrTests;
			productReference = DE5534A02331E56A006F1925 /* TumblrTests.xctest */;
			productType = "com.apple.product-type.bundle.unit-test";
		};
		DE5534AA2331E56A006F1925 /* TumblrUITests */ = {
			isa = PBXNativeTarget;
			buildConfigurationList = DE5534BA2331E56A006F1925 /* Build configuration list for PBXNativeTarget "TumblrUITests" */;
			buildPhases = (
				01387DC5A074DE4C2A94D782 /* [CP] Check Pods Manifest.lock */,
				DE5534A72331E56A006F1925 /* Sources */,
				DE5534A82331E56A006F1925 /* Frameworks */,
				DE5534A92331E56A006F1925 /* Resources */,
			);
			buildRules = (
			);
			dependencies = (
				DE5534AD2331E56A006F1925 /* PBXTargetDependency */,
			);
			name = TumblrUITests;
			productName = TumblrUITests;
			productReference = DE5534AB2331E56A006F1925 /* TumblrUITests.xctest */;
			productType = "com.apple.product-type.bundle.ui-testing";
		};
/* End PBXNativeTarget section */

/* Begin PBXProject section */
		DE5534842331E566006F1925 /* Project object */ = {
			isa = PBXProject;
			attributes = {
				LastSwiftUpdateCheck = 1030;
				LastUpgradeCheck = 1030;
				ORGANIZATIONNAME = "Santiago Bruno";
				TargetAttributes = {
					DE55348B2331E566006F1925 = {
						CreatedOnToolsVersion = 10.3;
					};
					DE55349F2331E56A006F1925 = {
						CreatedOnToolsVersion = 10.3;
						TestTargetID = DE55348B2331E566006F1925;
					};
					DE5534AA2331E56A006F1925 = {
						CreatedOnToolsVersion = 10.3;
						TestTargetID = DE55348B2331E566006F1925;
					};
				};
			};
			buildConfigurationList = DE5534872331E566006F1925 /* Build configuration list for PBXProject "Tumblr" */;
			compatibilityVersion = "Xcode 9.3";
			developmentRegion = en;
			hasScannedForEncodings = 0;
			knownRegions = (
				en,
				Base,
			);
			mainGroup = DE5534832331E566006F1925;
			productRefGroup = DE55348D2331E566006F1925 /* Products */;
			projectDirPath = "";
			projectRoot = "";
			targets = (
				DE55348B2331E566006F1925 /* Tumblr */,
				DE55349F2331E56A006F1925 /* TumblrTests */,
				DE5534AA2331E56A006F1925 /* TumblrUITests */,
			);
		};
/* End PBXProject section */

/* Begin PBXResourcesBuildPhase section */
		DE55348A2331E566006F1925 /* Resources */ = {
			isa = PBXResourcesBuildPhase;
			buildActionMask = 2147483647;
			files = (
				DE55349A2331E56A006F1925 /* LaunchScreen.storyboard in Resources */,
				DE5534972331E56A006F1925 /* Assets.xcassets in Resources */,
				DE5534952331E566006F1925 /* Main.storyboard in Resources */,
			);
			runOnlyForDeploymentPostprocessing = 0;
		};
		DE55349E2331E56A006F1925 /* Resources */ = {
			isa = PBXResourcesBuildPhase;
			buildActionMask = 2147483647;
			files = (
			);
			runOnlyForDeploymentPostprocessing = 0;
		};
		DE5534A92331E56A006F1925 /* Resources */ = {
			isa = PBXResourcesBuildPhase;
			buildActionMask = 2147483647;
			files = (
			);
			runOnlyForDeploymentPostprocessing = 0;
		};
/* End PBXResourcesBuildPhase section */

/* Begin PBXShellScriptBuildPhase section */
		01387DC5A074DE4C2A94D782 /* [CP] Check Pods Manifest.lock */ = {
			isa = PBXShellScriptBuildPhase;
			buildActionMask = 2147483647;
			files = (
			);
			inputFileListPaths = (
			);
			inputPaths = (
				"${PODS_PODFILE_DIR_PATH}/Podfile.lock",
				"${PODS_ROOT}/Manifest.lock",
			);
			name = "[CP] Check Pods Manifest.lock";
			outputFileListPaths = (
			);
			outputPaths = (
				"$(DERIVED_FILE_DIR)/Pods-TumblrUITests-checkManifestLockResult.txt",
			);
			runOnlyForDeploymentPostprocessing = 0;
			shellPath = /bin/sh;
			shellScript = "diff \"${PODS_PODFILE_DIR_PATH}/Podfile.lock\" \"${PODS_ROOT}/Manifest.lock\" > /dev/null\nif [ $? != 0 ] ; then\n    # print error to STDERR\n    echo \"error: The sandbox is not in sync with the Podfile.lock. Run 'pod install' or update your CocoaPods installation.\" >&2\n    exit 1\nfi\n# This output is used by Xcode 'outputs' to avoid re-running this script phase.\necho \"SUCCESS\" > \"${SCRIPT_OUTPUT_FILE_0}\"\n";
			showEnvVarsInLog = 0;
		};
		289F1FA2B575F92266349BEB /* [CP] Check Pods Manifest.lock */ = {
			isa = PBXShellScriptBuildPhase;
			buildActionMask = 2147483647;
			files = (
			);
			inputFileListPaths = (
			);
			inputPaths = (
				"${PODS_PODFILE_DIR_PATH}/Podfile.lock",
				"${PODS_ROOT}/Manifest.lock",
			);
			name = "[CP] Check Pods Manifest.lock";
			outputFileListPaths = (
			);
			outputPaths = (
				"$(DERIVED_FILE_DIR)/Pods-Tumblr-checkManifestLockResult.txt",
			);
			runOnlyForDeploymentPostprocessing = 0;
			shellPath = /bin/sh;
			shellScript = "diff \"${PODS_PODFILE_DIR_PATH}/Podfile.lock\" \"${PODS_ROOT}/Manifest.lock\" > /dev/null\nif [ $? != 0 ] ; then\n    # print error to STDERR\n    echo \"error: The sandbox is not in sync with the Podfile.lock. Run 'pod install' or update your CocoaPods installation.\" >&2\n    exit 1\nfi\n# This output is used by Xcode 'outputs' to avoid re-running this script phase.\necho \"SUCCESS\" > \"${SCRIPT_OUTPUT_FILE_0}\"\n";
			showEnvVarsInLog = 0;
		};
		5D5F721CFDF55CC9A4A6DF9E /* [CP] Check Pods Manifest.lock */ = {
			isa = PBXShellScriptBuildPhase;
			buildActionMask = 2147483647;
			files = (
			);
			inputFileListPaths = (
			);
			inputPaths = (
				"${PODS_PODFILE_DIR_PATH}/Podfile.lock",
				"${PODS_ROOT}/Manifest.lock",
			);
			name = "[CP] Check Pods Manifest.lock";
			outputFileListPaths = (
			);
			outputPaths = (
				"$(DERIVED_FILE_DIR)/Pods-TumblrTests-checkManifestLockResult.txt",
			);
			runOnlyForDeploymentPostprocessing = 0;
			shellPath = /bin/sh;
			shellScript = "diff \"${PODS_PODFILE_DIR_PATH}/Podfile.lock\" \"${PODS_ROOT}/Manifest.lock\" > /dev/null\nif [ $? != 0 ] ; then\n    # print error to STDERR\n    echo \"error: The sandbox is not in sync with the Podfile.lock. Run 'pod install' or update your CocoaPods installation.\" >&2\n    exit 1\nfi\n# This output is used by Xcode 'outputs' to avoid re-running this script phase.\necho \"SUCCESS\" > \"${SCRIPT_OUTPUT_FILE_0}\"\n";
			showEnvVarsInLog = 0;
		};
		E514D1034244A015E75432F4 /* [CP] Embed Pods Frameworks */ = {
			isa = PBXShellScriptBuildPhase;
			buildActionMask = 2147483647;
			files = (
			);
			inputFileListPaths = (
				"${PODS_ROOT}/Target Support Files/Pods-Tumblr/Pods-Tumblr-frameworks-${CONFIGURATION}-input-files.xcfilelist",
			);
			name = "[CP] Embed Pods Frameworks";
			outputFileListPaths = (
				"${PODS_ROOT}/Target Support Files/Pods-Tumblr/Pods-Tumblr-frameworks-${CONFIGURATION}-output-files.xcfilelist",
			);
			runOnlyForDeploymentPostprocessing = 0;
			shellPath = /bin/sh;
			shellScript = "\"${PODS_ROOT}/Target Support Files/Pods-Tumblr/Pods-Tumblr-frameworks.sh\"\n";
			showEnvVarsInLog = 0;
		};
/* End PBXShellScriptBuildPhase section */

/* Begin PBXSourcesBuildPhase section */
		DE5534882331E566006F1925 /* Sources */ = {
			isa = PBXSourcesBuildPhase;
			buildActionMask = 2147483647;
			files = (
				DE5534BE2331F161006F1925 /* TableViewCell.swift in Sources */,
				DE5534922331E566006F1925 /* ViewController.swift in Sources */,
				DE5534902331E566006F1925 /* AppDelegate.swift in Sources */,
			);
			runOnlyForDeploymentPostprocessing = 0;
		};
		DE55349C2331E56A006F1925 /* Sources */ = {
			isa = PBXSourcesBuildPhase;
			buildActionMask = 2147483647;
			files = (
				DE5534A52331E56A006F1925 /* TumblrTests.swift in Sources */,
			);
			runOnlyForDeploymentPostprocessing = 0;
		};
		DE5534A72331E56A006F1925 /* Sources */ = {
			isa = PBXSourcesBuildPhase;
			buildActionMask = 2147483647;
			files = (
				DE5534B02331E56A006F1925 /* TumblrUITests.swift in Sources */,
			);
			runOnlyForDeploymentPostprocessing = 0;
		};
/* End PBXSourcesBuildPhase section */

/* Begin PBXTargetDependency section */
		DE5534A22331E56A006F1925 /* PBXTargetDependency */ = {
			isa = PBXTargetDependency;
			target = DE55348B2331E566006F1925 /* Tumblr */;
			targetProxy = DE5534A12331E56A006F1925 /* PBXContainerItemProxy */;
		};
		DE5534AD2331E56A006F1925 /* PBXTargetDependency */ = {
			isa = PBXTargetDependency;
			target = DE55348B2331E566006F1925 /* Tumblr */;
			targetProxy = DE5534AC2331E56A006F1925 /* PBXContainerItemProxy */;
		};
/* End PBXTargetDependency section */

/* Begin PBXVariantGroup section */
		DE5534932331E566006F1925 /* Main.storyboard */ = {
			isa = PBXVariantGroup;
			children = (
				DE5534942331E566006F1925 /* Base */,
			);
			name = Main.storyboard;
			sourceTree = "<group>";
		};
		DE5534982331E56A006F1925 /* LaunchScreen.storyboard */ = {
			isa = PBXVariantGroup;
			children = (
				DE5534992331E56A006F1925 /* Base */,
			);
			name = LaunchScreen.storyboard;
			sourceTree = "<group>";
		};
/* End PBXVariantGroup section */

/* Begin XCBuildConfiguration section */
		DE5534B22331E56A006F1925 /* Debug */ = {
			isa = XCBuildConfiguration;
			buildSettings = {
				ALWAYS_SEARCH_USER_PATHS = NO;
				CLANG_ANALYZER_NONNULL = YES;
				CLANG_ANALYZER_NUMBER_OBJECT_CONVERSION = YES_AGGRESSIVE;
				CLANG_CXX_LANGUAGE_STANDARD = "gnu++14";
				CLANG_CXX_LIBRARY = "libc++";
				CLANG_ENABLE_MODULES = YES;
				CLANG_ENABLE_OBJC_ARC = YES;
				CLANG_ENABLE_OBJC_WEAK = YES;
				CLANG_WARN_BLOCK_CAPTURE_AUTORELEASING = YES;
				CLANG_WARN_BOOL_CONVERSION = YES;
				CLANG_WARN_COMMA = YES;
				CLANG_WARN_CONSTANT_CONVERSION = YES;
				CLANG_WARN_DEPRECATED_OBJC_IMPLEMENTATIONS = YES;
				CLANG_WARN_DIRECT_OBJC_ISA_USAGE = YES_ERROR;
				CLANG_WARN_DOCUMENTATION_COMMENTS = YES;
				CLANG_WARN_EMPTY_BODY = YES;
				CLANG_WARN_ENUM_CONVERSION = YES;
				CLANG_WARN_INFINITE_RECURSION = YES;
				CLANG_WARN_INT_CONVERSION = YES;
				CLANG_WARN_NON_LITERAL_NULL_CONVERSION = YES;
				CLANG_WARN_OBJC_IMPLICIT_RETAIN_SELF = YES;
				CLANG_WARN_OBJC_LITERAL_CONVERSION = YES;
				CLANG_WARN_OBJC_ROOT_CLASS = YES_ERROR;
				CLANG_WARN_RANGE_LOOP_ANALYSIS = YES;
				CLANG_WARN_STRICT_PROTOTYPES = YES;
				CLANG_WARN_SUSPICIOUS_MOVE = YES;
				CLANG_WARN_UNGUARDED_AVAILABILITY = YES_AGGRESSIVE;
				CLANG_WARN_UNREACHABLE_CODE = YES;
				CLANG_WARN__DUPLICATE_METHOD_MATCH = YES;
				CODE_SIGN_IDENTITY = "iPhone Developer";
				COPY_PHASE_STRIP = NO;
				DEBUG_INFORMATION_FORMAT = dwarf;
				ENABLE_STRICT_OBJC_MSGSEND = YES;
				ENABLE_TESTABILITY = YES;
				GCC_C_LANGUAGE_STANDARD = gnu11;
				GCC_DYNAMIC_NO_PIC = NO;
				GCC_NO_COMMON_BLOCKS = YES;
				GCC_OPTIMIZATION_LEVEL = 0;
				GCC_PREPROCESSOR_DEFINITIONS = (
					"DEBUG=1",
					"$(inherited)",
				);
				GCC_WARN_64_TO_32_BIT_CONVERSION = YES;
				GCC_WARN_ABOUT_RETURN_TYPE = YES_ERROR;
				GCC_WARN_UNDECLARED_SELECTOR = YES;
				GCC_WARN_UNINITIALIZED_AUTOS = YES_AGGRESSIVE;
				GCC_WARN_UNUSED_FUNCTION = YES;
				GCC_WARN_UNUSED_VARIABLE = YES;
				IPHONEOS_DEPLOYMENT_TARGET = 12.4;
				MTL_ENABLE_DEBUG_INFO = INCLUDE_SOURCE;
				MTL_FAST_MATH = YES;
				ONLY_ACTIVE_ARCH = YES;
				SDKROOT = iphoneos;
				SWIFT_ACTIVE_COMPILATION_CONDITIONS = DEBUG;
				SWIFT_OPTIMIZATION_LEVEL = "-Onone";
			};
			name = Debug;
		};
		DE5534B32331E56A006F1925 /* Release */ = {
			isa = XCBuildConfiguration;
			buildSettings = {
				ALWAYS_SEARCH_USER_PATHS = NO;
				CLANG_ANALYZER_NONNULL = YES;
				CLANG_ANALYZER_NUMBER_OBJECT_CONVERSION = YES_AGGRESSIVE;
				CLANG_CXX_LANGUAGE_STANDARD = "gnu++14";
				CLANG_CXX_LIBRARY = "libc++";
				CLANG_ENABLE_MODULES = YES;
				CLANG_ENABLE_OBJC_ARC = YES;
				CLANG_ENABLE_OBJC_WEAK = YES;
				CLANG_WARN_BLOCK_CAPTURE_AUTORELEASING = YES;
				CLANG_WARN_BOOL_CONVERSION = YES;
				CLANG_WARN_COMMA = YES;
				CLANG_WARN_CONSTANT_CONVERSION = YES;
				CLANG_WARN_DEPRECATED_OBJC_IMPLEMENTATIONS = YES;
				CLANG_WARN_DIRECT_OBJC_ISA_USAGE = YES_ERROR;
				CLANG_WARN_DOCUMENTATION_COMMENTS = YES;
				CLANG_WARN_EMPTY_BODY = YES;
				CLANG_WARN_ENUM_CONVERSION = YES;
				CLANG_WARN_INFINITE_RECURSION = YES;
				CLANG_WARN_INT_CONVERSION = YES;
				CLANG_WARN_NON_LITERAL_NULL_CONVERSION = YES;
				CLANG_WARN_OBJC_IMPLICIT_RETAIN_SELF = YES;
				CLANG_WARN_OBJC_LITERAL_CONVERSION = YES;
				CLANG_WARN_OBJC_ROOT_CLASS = YES_ERROR;
				CLANG_WARN_RANGE_LOOP_ANALYSIS = YES;
				CLANG_WARN_STRICT_PROTOTYPES = YES;
				CLANG_WARN_SUSPICIOUS_MOVE = YES;
				CLANG_WARN_UNGUARDED_AVAILABILITY = YES_AGGRESSIVE;
				CLANG_WARN_UNREACHABLE_CODE = YES;
				CLANG_WARN__DUPLICATE_METHOD_MATCH = YES;
				CODE_SIGN_IDENTITY = "iPhone Developer";
				COPY_PHASE_STRIP = NO;
				DEBUG_INFORMATION_FORMAT = "dwarf-with-dsym";
				ENABLE_NS_ASSERTIONS = NO;
				ENABLE_STRICT_OBJC_MSGSEND = YES;
				GCC_C_LANGUAGE_STANDARD = gnu11;
				GCC_NO_COMMON_BLOCKS = YES;
				GCC_WARN_64_TO_32_BIT_CONVERSION = YES;
				GCC_WARN_ABOUT_RETURN_TYPE = YES_ERROR;
				GCC_WARN_UNDECLARED_SELECTOR = YES;
				GCC_WARN_UNINITIALIZED_AUTOS = YES_AGGRESSIVE;
				GCC_WARN_UNUSED_FUNCTION = YES;
				GCC_WARN_UNUSED_VARIABLE = YES;
				IPHONEOS_DEPLOYMENT_TARGET = 12.4;
				MTL_ENABLE_DEBUG_INFO = NO;
				MTL_FAST_MATH = YES;
				SDKROOT = iphoneos;
				SWIFT_COMPILATION_MODE = wholemodule;
				SWIFT_OPTIMIZATION_LEVEL = "-O";
				VALIDATE_PRODUCT = YES;
			};
			name = Release;
		};
		DE5534B52331E56A006F1925 /* Debug */ = {
			isa = XCBuildConfiguration;
			baseConfigurationReference = 389B2F11FCED1042A8EB0636 /* Pods-Tumblr.debug.xcconfig */;
			buildSettings = {
				ASSETCATALOG_COMPILER_APPICON_NAME = AppIcon;
				CODE_SIGN_STYLE = Automatic;
				DEVELOPMENT_TEAM = VV263RMX79;
				INFOPLIST_FILE = Tumblr/Info.plist;
				LD_RUNPATH_SEARCH_PATHS = (
					"$(inherited)",
					"@executable_path/Frameworks",
				);
				PRODUCT_BUNDLE_IDENTIFIER = "Santiago-Bruno.Tumblr";
				PRODUCT_NAME = "$(TARGET_NAME)";
				SWIFT_VERSION = 5.0;
				TARGETED_DEVICE_FAMILY = "1,2";
			};
			name = Debug;
		};
		DE5534B62331E56A006F1925 /* Release */ = {
			isa = XCBuildConfiguration;
			baseConfigurationReference = B83A9EFB4C965D33EE32ECFE /* Pods-Tumblr.release.xcconfig */;
			buildSettings = {
				ASSETCATALOG_COMPILER_APPICON_NAME = AppIcon;
				CODE_SIGN_STYLE = Automatic;
				DEVELOPMENT_TEAM = VV263RMX79;
				INFOPLIST_FILE = Tumblr/Info.plist;
				LD_RUNPATH_SEARCH_PATHS = (
					"$(inherited)",
					"@executable_path/Frameworks",
				);
				PRODUCT_BUNDLE_IDENTIFIER = "Santiago-Bruno.Tumblr";
				PRODUCT_NAME = "$(TARGET_NAME)";
				SWIFT_VERSION = 5.0;
				TARGETED_DEVICE_FAMILY = "1,2";
			};
			name = Release;
		};
		DE5534B82331E56A006F1925 /* Debug */ = {
			isa = XCBuildConfiguration;
			baseConfigurationReference = FD7D171FFF9F6A9318504C76 /* Pods-TumblrTests.debug.xcconfig */;
			buildSettings = {
				ALWAYS_EMBED_SWIFT_STANDARD_LIBRARIES = YES;
				BUNDLE_LOADER = "$(TEST_HOST)";
				CODE_SIGN_STYLE = Automatic;
				DEVELOPMENT_TEAM = VV263RMX79;
				INFOPLIST_FILE = TumblrTests/Info.plist;
				LD_RUNPATH_SEARCH_PATHS = (
					"$(inherited)",
					"@executable_path/Frameworks",
					"@loader_path/Frameworks",
				);
				PRODUCT_BUNDLE_IDENTIFIER = "Santiago-Bruno.TumblrTests";
				PRODUCT_NAME = "$(TARGET_NAME)";
				SWIFT_VERSION = 5.0;
				TARGETED_DEVICE_FAMILY = "1,2";
				TEST_HOST = "$(BUILT_PRODUCTS_DIR)/Tumblr.app/Tumblr";
			};
			name = Debug;
		};
		DE5534B92331E56A006F1925 /* Release */ = {
			isa = XCBuildConfiguration;
			baseConfigurationReference = 02D4FC2567FE06A0D9AD6537 /* Pods-TumblrTests.release.xcconfig */;
			buildSettings = {
				ALWAYS_EMBED_SWIFT_STANDARD_LIBRARIES = YES;
				BUNDLE_LOADER = "$(TEST_HOST)";
				CODE_SIGN_STYLE = Automatic;
				DEVELOPMENT_TEAM = VV263RMX79;
				INFOPLIST_FILE = TumblrTests/Info.plist;
				LD_RUNPATH_SEARCH_PATHS = (
					"$(inherited)",
					"@executable_path/Frameworks",
					"@loader_path/Frameworks",
				);
				PRODUCT_BUNDLE_IDENTIFIER = "Santiago-Bruno.TumblrTests";
				PRODUCT_NAME = "$(TARGET_NAME)";
				SWIFT_VERSION = 5.0;
				TARGETED_DEVICE_FAMILY = "1,2";
				TEST_HOST = "$(BUILT_PRODUCTS_DIR)/Tumblr.app/Tumblr";
			};
			name = Release;
		};
		DE5534BB2331E56A006F1925 /* Debug */ = {
			isa = XCBuildConfiguration;
			baseConfigurationReference = CF4C194A47A7EABF0B101AD1 /* Pods-TumblrUITests.debug.xcconfig */;
			buildSettings = {
				ALWAYS_EMBED_SWIFT_STANDARD_LIBRARIES = YES;
				CODE_SIGN_STYLE = Automatic;
				DEVELOPMENT_TEAM = VV263RMX79;
				INFOPLIST_FILE = TumblrUITests/Info.plist;
				LD_RUNPATH_SEARCH_PATHS = (
					"$(inherited)",
					"@executable_path/Frameworks",
					"@loader_path/Frameworks",
				);
				PRODUCT_BUNDLE_IDENTIFIER = "Santiago-Bruno.TumblrUITests";
				PRODUCT_NAME = "$(TARGET_NAME)";
				SWIFT_VERSION = 5.0;
				TARGETED_DEVICE_FAMILY = "1,2";
				TEST_TARGET_NAME = Tumblr;
			};
			name = Debug;
		};
		DE5534BC2331E56A006F1925 /* Release */ = {
			isa = XCBuildConfiguration;
			baseConfigurationReference = 2D7506BAD2482537109B4B75 /* Pods-TumblrUITests.release.xcconfig */;
			buildSettings = {
				ALWAYS_EMBED_SWIFT_STANDARD_LIBRARIES = YES;
				CODE_SIGN_STYLE = Automatic;
				DEVELOPMENT_TEAM = VV263RMX79;
				INFOPLIST_FILE = TumblrUITests/Info.plist;
				LD_RUNPATH_SEARCH_PATHS = (
					"$(inherited)",
					"@executable_path/Frameworks",
					"@loader_path/Frameworks",
				);
				PRODUCT_BUNDLE_IDENTIFIER = "Santiago-Bruno.TumblrUITests";
				PRODUCT_NAME = "$(TARGET_NAME)";
				SWIFT_VERSION = 5.0;
				TARGETED_DEVICE_FAMILY = "1,2";
				TEST_TARGET_NAME = Tumblr;
			};
			name = Release;
		};
/* End XCBuildConfiguration section */

/* Begin XCConfigurationList section */
		DE5534872331E566006F1925 /* Build configuration list for PBXProject "Tumblr" */ = {
			isa = XCConfigurationList;
			buildConfigurations = (
				DE5534B22331E56A006F1925 /* Debug */,
				DE5534B32331E56A006F1925 /* Release */,
			);
			defaultConfigurationIsVisible = 0;
			defaultConfigurationName = Release;
		};
		DE5534B42331E56A006F1925 /* Build configuration list for PBXNativeTarget "Tumblr" */ = {
			isa = XCConfigurationList;
			buildConfigurations = (
				DE5534B52331E56A006F1925 /* Debug */,
				DE5534B62331E56A006F1925 /* Release */,
			);
			defaultConfigurationIsVisible = 0;
			defaultConfigurationName = Release;
		};
		DE5534B72331E56A006F1925 /* Build configuration list for PBXNativeTarget "TumblrTests" */ = {
			isa = XCConfigurationList;
			buildConfigurations = (
				DE5534B82331E56A006F1925 /* Debug */,
				DE5534B92331E56A006F1925 /* Release */,
			);
			defaultConfigurationIsVisible = 0;
			defaultConfigurationName = Release;
		};
		DE5534BA2331E56A006F1925 /* Build configuration list for PBXNativeTarget "TumblrUITests" */ = {
			isa = XCConfigurationList;
			buildConfigurations = (
				DE5534BB2331E56A006F1925 /* Debug */,
				DE5534BC2331E56A006F1925 /* Release */,
			);
			defaultConfigurationIsVisible = 0;
			defaultConfigurationName = Release;
		};
/* End XCConfigurationList section */
	};
	rootObject = DE5534842331E566006F1925 /* Project object */;
}
